{
  "requires": true,
  "lockfileVersion": 1,
  "dependencies": {
    "openzeppelin-solidity": {
      "version": "3.0.2",
      "resolved": "https://registry.npmjs.org/openzeppelin-solidity/-/openzeppelin-solidity-3.0.2.tgz",
      "integrity": "sha512-cgQDBo1vf6flLVKTeSfQGP4Kk4YFw+KDTO7b7SH/QOQbyPFvZlaqcPLRBbQRBtfuXo6/CBM/0mHn+SlkYRMJfA=="
    }
  }
}
